
Microsoft Visual Studio Solution File, Format Version 12.00
# Visual Studio Version 17
VisualStudioVersion = 17.11.35312.102
MinimumVisualStudioVersion = 10.0.40219.1
Project("{FAE04EC0-301F-11D3-BF4B-00C04F79EFBC}") = "ExpenseManagementAPI", "ExpenseManagementAPI.csproj", "{F7C0C821-9C79-42E5-9541-39ED066F6DCE}"
EndProject
Global
	GlobalSection(SolutionConfigurationPlatforms) = preSolution
		Debug|Any CPU = Debug|Any CPU
		Release|Any CPU = Release|Any CPU
	EndGlobalSection
	GlobalSection(ProjectConfigurationPlatforms) = postSolution
		{F7C0C821-9C79-42E5-9541-39ED066F6DCE}.Debug|Any CPU.ActiveCfg = Debug|Any CPU
		{F7C0C821-9C79-42E5-9541-39ED066F6DCE}.Debug|Any CPU.Build.0 = Debug|Any CPU
		{F7C0C821-9C79-42E5-9541-39ED066F6DCE}.Release|Any CPU.ActiveCfg = Release|Any CPU
		{F7C0C821-9C79-42E5-9541-39ED066F6DCE}.Release|Any CPU.Build.0 = Release|Any CPU
	EndGlobalSection
	GlobalSection(SolutionProperties) = preSolution
		HideSolutionNode = FALSE
	EndGlobalSection
	GlobalSection(ExtensibilityGlobals) = postSolution
		SolutionGuid = {DAA61268-879C-4BBE-825A-42F7773A4B45}
	EndGlobalSection
EndGlobal
